// !$*UTF8*$!
{
	archiveVersion = 1;
	classes = {
	};
	objectVersion = 50;
	objects = {

/* Begin PBXBuildFile section */
		9202F48521D96F3E0082043E /* AppDelegate.swift in Sources */ = {isa = PBXBuildFile; fileRef = 9202F48421D96F3E0082043E /* AppDelegate.swift */; };
		9202F48721D96F3E0082043E /* MemeEditorViewController.swift in Sources */ = {isa = PBXBuildFile; fileRef = 9202F48621D96F3E0082043E /* MemeEditorViewController.swift */; };
		9202F48A21D96F3E0082043E /* Main.storyboard in Resources */ = {isa = PBXBuildFile; fileRef = 9202F48821D96F3E0082043E /* Main.storyboard */; };
		9202F48C21D96F430082043E /* Assets.xcassets in Resources */ = {isa = PBXBuildFile; fileRef = 9202F48B21D96F430082043E /* Assets.xcassets */; };
		9202F48F21D96F430082043E /* LaunchScreen.storyboard in Resources */ = {isa = PBXBuildFile; fileRef = 9202F48D21D96F430082043E /* LaunchScreen.storyboard */; };
		9202F49721DC1D200082043E /* Meme.swift in Sources */ = {isa = PBXBuildFile; fileRef = 9202F49621DC1D200082043E /* Meme.swift */; };
		92166FE92206407700664129 /* MemeTableViewCell.swift in Sources */ = {isa = PBXBuildFile; fileRef = 92166FE82206407700664129 /* MemeTableViewCell.swift */; };
		92166FEB22064A4400664129 /* MemeTableViewController.swift in Sources */ = {isa = PBXBuildFile; fileRef = 92166FEA22064A4400664129 /* MemeTableViewController.swift */; };
		92166FED22066BCB00664129 /* MemeCollectionViewController.swift in Sources */ = {isa = PBXBuildFile; fileRef = 92166FEC22066BCB00664129 /* MemeCollectionViewController.swift */; };
		92166FEF22066CC100664129 /* MemeCollectionViewCell.swift in Sources */ = {isa = PBXBuildFile; fileRef = 92166FEE22066CC100664129 /* MemeCollectionViewCell.swift */; };
		92B90849220909CC00316064 /* MemeDetailViewController.swift in Sources */ = {isa = PBXBuildFile; fileRef = 92B90848220909CC00316064 /* MemeDetailViewController.swift */; };
/* End PBXBuildFile section */

/* Begin PBXFileReference section */
		9202F48121D96F3E0082043E /* MemeMe 2.0.app */ = {isa = PBXFileReference; explicitFileType = wrapper.application; includeInIndex = 0; path = "MemeMe 2.0.app"; sourceTree = BUILT_PRODUCTS_DIR; };
		9202F48421D96F3E0082043E /* AppDelegate.swift */ = {isa = PBXFileReference; lastKnownFileType = sourcecode.swift; path = AppDelegate.swift; sourceTree = "<group>"; };
		9202F48621D96F3E0082043E /* MemeEditorViewController.swift */ = {isa = PBXFileReference; lastKnownFileType = sourcecode.swift; path = MemeEditorViewController.swift; sourceTree = "<group>"; };
		9202F48921D96F3E0082043E /* Base */ = {isa = PBXFileReference; lastKnownFileType = file.storyboard; name = Base; path = Base.lproj/Main.storyboard; sourceTree = "<group>"; };
		9202F48B21D96F430082043E /* Assets.xcassets */ = {isa = PBXFileReference; lastKnownFileType = folder.assetcatalog; path = Assets.xcassets; sourceTree = "<group>"; };
		9202F48E21D96F430082043E /* Base */ = {isa = PBXFileReference; lastKnownFileType = file.storyboard; name = Base; path = Base.lproj/LaunchScreen.storyboard; sourceTree = "<group>"; };
		9202F49021D96F430082043E /* Info.plist */ = {isa = PBXFileReference; lastKnownFileType = text.plist.xml; path = Info.plist; sourceTree = "<group>"; };
		9202F49621DC1D200082043E /* Meme.swift */ = {isa = PBXFileReference; lastKnownFileType = sourcecode.swift; path = Meme.swift; sourceTree = "<group>"; };
		92166FE82206407700664129 /* MemeTableViewCell.swift */ = {isa = PBXFileReference; lastKnownFileType = sourcecode.swift; path = MemeTableViewCell.swift; sourceTree = "<group>"; };
		92166FEA22064A4400664129 /* MemeTableViewController.swift */ = {isa = PBXFileReference; lastKnownFileType = sourcecode.swift; path = MemeTableViewController.swift; sourceTree = "<group>"; };
		92166FEC22066BCB00664129 /* MemeCollectionViewController.swift */ = {isa = PBXFileReference; lastKnownFileType = sourcecode.swift; path = MemeCollectionViewController.swift; sourceTree = "<group>"; };
		92166FEE22066CC100664129 /* MemeCollectionViewCell.swift */ = {isa = PBXFileReference; lastKnownFileType = sourcecode.swift; path = MemeCollectionViewCell.swift; sourceTree = "<group>"; };
		92B90848220909CC00316064 /* MemeDetailViewController.swift */ = {isa = PBXFileReference; lastKnownFileType = sourcecode.swift; path = MemeDetailViewController.swift; sourceTree = "<group>"; };
/* End PBXFileReference section */

/* Begin PBXFrameworksBuildPhase section */
		9202F47E21D96F3E0082043E /* Frameworks */ = {
			isa = PBXFrameworksBuildPhase;
			buildActionMask = 2147483647;
			files = (
			);
			runOnlyForDeploymentPostprocessing = 0;
		};
/* End PBXFrameworksBuildPhase section */

/* Begin PBXGroup section */
		9202F47821D96F3E0082043E = {
			isa = PBXGroup;
			children = (
				9202F48321D96F3E0082043E /* MemeMe */,
				9202F48221D96F3E0082043E /* Products */,
			);
			sourceTree = "<group>";
		};
		9202F48221D96F3E0082043E /* Products */ = {
			isa = PBXGroup;
			children = (
				9202F48121D96F3E0082043E /* MemeMe 2.0.app */,
			);
			name = Products;
			sourceTree = "<group>";
		};
		9202F48321D96F3E0082043E /* MemeMe */ = {
			isa = PBXGroup;
			children = (
				9202F48421D96F3E0082043E /* AppDelegate.swift */,
				9202F48621D96F3E0082043E /* MemeEditorViewController.swift */,
				92166FEA22064A4400664129 /* MemeTableViewController.swift */,
				92166FE82206407700664129 /* MemeTableViewCell.swift */,
				92166FEC22066BCB00664129 /* MemeCollectionViewController.swift */,
				92166FEE22066CC100664129 /* MemeCollectionViewCell.swift */,
				92B90848220909CC00316064 /* MemeDetailViewController.swift */,
				9202F49621DC1D200082043E /* Meme.swift */,
				9202F48821D96F3E0082043E /* Main.storyboard */,
				9202F48B21D96F430082043E /* Assets.xcassets */,
				9202F48D21D96F430082043E /* LaunchScreen.storyboard */,
				9202F49021D96F430082043E /* Info.plist */,
			);
			path = MemeMe;
			sourceTree = "<group>";
		};
/* End PBXGroup section */

/* Begin PBXNativeTarget section */
		9202F48021D96F3E0082043E /* MemeMe 2.0 */ = {
			isa = PBXNativeTarget;
			buildConfigurationList = 9202F49321D96F430082043E /* Build configuration list for PBXNativeTarget "MemeMe 2.0" */;
			buildPhases = (
				9202F47D21D96F3E0082043E /* Sources */,
				9202F47E21D96F3E0082043E /* Frameworks */,
				9202F47F21D96F3E0082043E /* Resources */,
			);
			buildRules = (
			);
			dependencies = (
			);
			name = "MemeMe 2.0";
			productName = MemeMe;
			productReference = 9202F48121D96F3E0082043E /* MemeMe 2.0.app */;
			productType = "com.apple.product-type.application";
		};
/* End PBXNativeTarget section */

/* Begin PBXProject section */
		9202F47921D96F3E0082043E /* Project object */ = {
			isa = PBXProject;
			attributes = {
				LastSwiftUpdateCheck = 1010;
				LastUpgradeCheck = 1010;
				ORGANIZATIONNAME = "Francis Wairegi";
				TargetAttributes = {
					9202F48021D96F3E0082043E = {
						CreatedOnToolsVersion = 10.1;
					};
				};
			};
			buildConfigurationList = 9202F47C21D96F3E0082043E /* Build configuration list for PBXProject "MemeMe 2.0" */;
			compatibilityVersion = "Xcode 9.3";
			developmentRegion = en;
			hasScannedForEncodings = 0;
			knownRegions = (
				en,
				Base,
			);
			mainGroup = 9202F47821D96F3E0082043E;
			productRefGroup = 9202F48221D96F3E0082043E /* Products */;
			projectDirPath = "";
			projectRoot = "";
			targets = (
				9202F48021D96F3E0082043E /* MemeMe 2.0 */,
			);
		};
/* End PBXProject section */

/* Begin PBXResourcesBuildPhase section */
		9202F47F21D96F3E0082043E /* Resources */ = {
			isa = PBXResourcesBuildPhase;
			buildActionMask = 2147483647;
			files = (
				9202F48F21D96F430082043E /* LaunchScreen.storyboard in Resources */,
				9202F48C21D96F430082043E /* Assets.xcassets in Resources */,
				9202F48A21D96F3E0082043E /* Main.storyboard in Resources */,
			);
			runOnlyForDeploymentPostprocessing = 0;
		};
/* End PBXResourcesBuildPhase section */

/* Begin PBXSourcesBuildPhase section */
		9202F47D21D96F3E0082043E /* Sources */ = {
			isa = PBXSourcesBuildPhase;
			buildActionMask = 2147483647;
			files = (
				9202F49721DC1D200082043E /* Meme.swift in Sources */,
				92166FE92206407700664129 /* MemeTableViewCell.swift in Sources */,
				9202F48721D96F3E0082043E /* MemeEditorViewController.swift in Sources */,
				92166FEB22064A4400664129 /* MemeTableViewController.swift in Sources */,
				92166FEF22066CC100664129 /* MemeCollectionViewCell.swift in Sources */,
				92166FED22066BCB00664129 /* MemeCollectionViewController.swift in Sources */,
				9202F48521D96F3E0082043E /* AppDelegate.swift in Sources */,
				92B90849220909CC00316064 /* MemeDetailViewController.swift in Sources */,
			);
			runOnlyForDeploymentPostprocessing = 0;
		};
/* End PBXSourcesBuildPhase section */

/* Begin PBXVariantGroup section */
		9202F48821D96F3E0082043E /* Main.storyboard */ = {
			isa = PBXVariantGroup;
			children = (
				9202F48921D96F3E0082043E /* Base */,
			);
			name = Main.storyboard;
			sourceTree = "<group>";
		};
		9202F48D21D96F430082043E /* LaunchScreen.storyboard */ = {
			isa = PBXVariantGroup;
			children = (
				9202F48E21D96F430082043E /* Base */,
			);
			name = LaunchScreen.storyboard;
			sourceTree = "<group>";
		};
/* End PBXVariantGroup section */

/* Begin XCBuildConfiguration section */
		9202F49121D96F430082043E /* Debug */ = {
			isa = XCBuildConfiguration;
			buildSettings = {
				ALWAYS_SEARCH_USER_PATHS = NO;
				CLANG_ANALYZER_NONNULL = YES;
				CLANG_ANALYZER_NUMBER_OBJECT_CONVERSION = YES_AGGRESSIVE;
				CLANG_CXX_LANGUAGE_STANDARD = "gnu++14";
				CLANG_CXX_LIBRARY = "libc++";
				CLANG_ENABLE_MODULES = YES;
				CLANG_ENABLE_OBJC_ARC = YES;
				CLANG_ENABLE_OBJC_WEAK = YES;
				CLANG_WARN_BLOCK_CAPTURE_AUTORELEASING = YES;
				CLANG_WARN_BOOL_CONVERSION = YES;
				CLANG_WARN_COMMA = YES;
				CLANG_WARN_CONSTANT_CONVERSION = YES;
				CLANG_WARN_DEPRECATED_OBJC_IMPLEMENTATIONS = YES;
				CLANG_WARN_DIRECT_OBJC_ISA_USAGE = YES_ERROR;
				CLANG_WARN_DOCUMENTATION_COMMENTS = YES;
				CLANG_WARN_EMPTY_BODY = YES;
				CLANG_WARN_ENUM_CONVERSION = YES;
				CLANG_WARN_INFINITE_RECURSION = YES;
				CLANG_WARN_INT_CONVERSION = YES;
				CLANG_WARN_NON_LITERAL_NULL_CONVERSION = YES;
				CLANG_WARN_OBJC_IMPLICIT_RETAIN_SELF = YES;
				CLANG_WARN_OBJC_LITERAL_CONVERSION = YES;
				CLANG_WARN_OBJC_ROOT_CLASS = YES_ERROR;
				CLANG_WARN_RANGE_LOOP_ANALYSIS = YES;
				CLANG_WARN_STRICT_PROTOTYPES = YES;
				CLANG_WARN_SUSPICIOUS_MOVE = YES;
				CLANG_WARN_UNGUARDED_AVAILABILITY = YES_AGGRESSIVE;
				CLANG_WARN_UNREACHABLE_CODE = YES;
				CLANG_WARN__DUPLICATE_METHOD_MATCH = YES;
				CODE_SIGN_IDENTITY = "iPhone Developer";
				COPY_PHASE_STRIP = NO;
				DEBUG_INFORMATION_FORMAT = dwarf;
				ENABLE_STRICT_OBJC_MSGSEND = YES;
				ENABLE_TESTABILITY = YES;
				GCC_C_LANGUAGE_STANDARD = gnu11;
				GCC_DYNAMIC_NO_PIC = NO;
				GCC_NO_COMMON_BLOCKS = YES;
				GCC_OPTIMIZATION_LEVEL = 0;
				GCC_PREPROCESSOR_DEFINITIONS = (
					"DEBUG=1",
					"$(inherited)",
				);
				GCC_WARN_64_TO_32_BIT_CONVERSION = YES;
				GCC_WARN_ABOUT_RETURN_TYPE = YES_ERROR;
				GCC_WARN_UNDECLARED_SELECTOR = YES;
				GCC_WARN_UNINITIALIZED_AUTOS = YES_AGGRESSIVE;
				GCC_WARN_UNUSED_FUNCTION = YES;
				GCC_WARN_UNUSED_VARIABLE = YES;
				IPHONEOS_DEPLOYMENT_TARGET = 12.1;
				MTL_ENABLE_DEBUG_INFO = INCLUDE_SOURCE;
				MTL_FAST_MATH = YES;
				ONLY_ACTIVE_ARCH = YES;
				SDKROOT = iphoneos;
				SWIFT_ACTIVE_COMPILATION_CONDITIONS = DEBUG;
				SWIFT_OPTIMIZATION_LEVEL = "-Onone";
			};
			name = Debug;
		};
		9202F49221D96F430082043E /* Release */ = {
			isa = XCBuildConfiguration;
			buildSettings = {
				ALWAYS_SEARCH_USER_PATHS = NO;
				CLANG_ANALYZER_NONNULL = YES;
				CLANG_ANALYZER_NUMBER_OBJECT_CONVERSION = YES_AGGRESSIVE;
				CLANG_CXX_LANGUAGE_STANDARD = "gnu++14";
				CLANG_CXX_LIBRARY = "libc++";
				CLANG_ENABLE_MODULES = YES;
				CLANG_ENABLE_OBJC_ARC = YES;
				CLANG_ENABLE_OBJC_WEAK = YES;
				CLANG_WARN_BLOCK_CAPTURE_AUTORELEASING = YES;
				CLANG_WARN_BOOL_CONVERSION = YES;
				CLANG_WARN_COMMA = YES;
				CLANG_WARN_CONSTANT_CONVERSION = YES;
				CLANG_WARN_DEPRECATED_OBJC_IMPLEMENTATIONS = YES;
				CLANG_WARN_DIRECT_OBJC_ISA_USAGE = YES_ERROR;
				CLANG_WARN_DOCUMENTATION_COMMENTS = YES;
				CLANG_WARN_EMPTY_BODY = YES;
				CLANG_WARN_ENUM_CONVERSION = YES;
				CLANG_WARN_INFINITE_RECURSION = YES;
				CLANG_WARN_INT_CONVERSION = YES;
				CLANG_WARN_NON_LITERAL_NULL_CONVERSION = YES;
				CLANG_WARN_OBJC_IMPLICIT_RETAIN_SELF = YES;
				CLANG_WARN_OBJC_LITERAL_CONVERSION = YES;
				CLANG_WARN_OBJC_ROOT_CLASS = YES_ERROR;
				CLANG_WARN_RANGE_LOOP_ANALYSIS = YES;
				CLANG_WARN_STRICT_PROTOTYPES = YES;
				CLANG_WARN_SUSPICIOUS_MOVE = YES;
				CLANG_WARN_UNGUARDED_AVAILABILITY = YES_AGGRESSIVE;
				CLANG_WARN_UNREACHABLE_CODE = YES;
				CLANG_WARN__DUPLICATE_METHOD_MATCH = YES;
				CODE_SIGN_IDENTITY = "iPhone Developer";
				COPY_PHASE_STRIP = NO;
				DEBUG_INFORMATION_FORMAT = "dwarf-with-dsym";
				ENABLE_NS_ASSERTIONS = NO;
				ENABLE_STRICT_OBJC_MSGSEND = YES;
				GCC_C_LANGUAGE_STANDARD = gnu11;
				GCC_NO_COMMON_BLOCKS = YES;
				GCC_WARN_64_TO_32_BIT_CONVERSION = YES;
				GCC_WARN_ABOUT_RETURN_TYPE = YES_ERROR;
				GCC_WARN_UNDECLARED_SELECTOR = YES;
				GCC_WARN_UNINITIALIZED_AUTOS = YES_AGGRESSIVE;
				GCC_WARN_UNUSED_FUNCTION = YES;
				GCC_WARN_UNUSED_VARIABLE = YES;
				IPHONEOS_DEPLOYMENT_TARGET = 12.1;
				MTL_ENABLE_DEBUG_INFO = NO;
				MTL_FAST_MATH = YES;
				SDKROOT = iphoneos;
				SWIFT_COMPILATION_MODE = wholemodule;
				SWIFT_OPTIMIZATION_LEVEL = "-O";
				VALIDATE_PRODUCT = YES;
			};
			name = Release;
		};
		9202F49421D96F430082043E /* Debug */ = {
			isa = XCBuildConfiguration;
			buildSettings = {
				ASSETCATALOG_COMPILER_APPICON_NAME = AppIcon;
				CODE_SIGN_STYLE = Automatic;
				INFOPLIST_FILE = MemeMe/Info.plist;
				LD_RUNPATH_SEARCH_PATHS = (
					"$(inherited)",
					"@executable_path/Frameworks",
				);
				PRODUCT_BUNDLE_IDENTIFIER = com.example.francis.wairegi.MemeMe;
				PRODUCT_NAME = "$(TARGET_NAME)";
				SWIFT_VERSION = 4.2;
				TARGETED_DEVICE_FAMILY = "1,2";
			};
			name = Debug;
		};
		9202F49521D96F430082043E /* Release */ = {
			isa = XCBuildConfiguration;
			buildSettings = {
				ASSETCATALOG_COMPILER_APPICON_NAME = AppIcon;
				CODE_SIGN_STYLE = Automatic;
				INFOPLIST_FILE = MemeMe/Info.plist;
				LD_RUNPATH_SEARCH_PATHS = (
					"$(inherited)",
					"@executable_path/Frameworks",
				);
				PRODUCT_BUNDLE_IDENTIFIER = com.example.francis.wairegi.MemeMe;
				PRODUCT_NAME = "$(TARGET_NAME)";
				SWIFT_VERSION = 4.2;
				TARGETED_DEVICE_FAMILY = "1,2";
			};
			name = Release;
		};
/* End XCBuildConfiguration section */

/* Begin XCConfigurationList section */
		9202F47C21D96F3E0082043E /* Build configuration list for PBXProject "MemeMe 2.0" */ = {
			isa = XCConfigurationList;
			buildConfigurations = (
				9202F49121D96F430082043E /* Debug */,
				9202F49221D96F430082043E /* Release */,
			);
			defaultConfigurationIsVisible = 0;
			defaultConfigurationName = Release;
		};
		9202F49321D96F430082043E /* Build configuration list for PBXNativeTarget "MemeMe 2.0" */ = {
			isa = XCConfigurationList;
			buildConfigurations = (
				9202F49421D96F430082043E /* Debug */,
				9202F49521D96F430082043E /* Release */,
			);
			defaultConfigurationIsVisible = 0;
			defaultConfigurationName = Release;
		};
/* End XCConfigurationList section */
	};
	rootObject = 9202F47921D96F3E0082043E /* Project object */;
}
